<?xml version="1.0" encoding="UTF-8" standalone="yes" ?>
<CodeBlocks_project_file>
	<FileVersion major="1" minor="6" />
	<Project>
		<Option title="ExtLib" />
		<Option pch_mode="2" />
		<Option compiler="gcc" />
		<Build>
			<Target title="Release">
				<Option output="bin/Release/ExtLib" prefix_auto="1" extension_auto="1" />
				<Option working_dir="" />
				<Option object_output="obj/Release/" />
				<Option type="2" />
				<Option compiler="gcc" />
				<Option createDefFile="1" />
				<Compiler>
					<Add option="-O2" />
					<Add option="-Wall" />
				</Compiler>
				<Linker>
					<Add option="-s" />
				</Linker>
			</Target>
		</Build>
		<Compiler>
			<Add directory="include" />
		</Compiler>
		<Unit filename="include/ExtLib/Array.h" />
		<Unit filename="include/ExtLib/Collection.h" />
		<Unit filename="include/ExtLib/Common.h" />
		<Unit filename="include/ExtLib/Iterable.h" />
		<Unit filename="include/ExtLib/List.h" />
		<Unit filename="include/ExtLib/Queue.h" />
		<Unit filename="include/ExtLib/SimpleList.h" />
		<Unit filename="include/ExtLib/Stack.h" />
		<Unit filename="include/ExtLib/String.h" />
		<Unit filename="src/Array.c">
			<Option compilerVar="CC" />
		</Unit>
		<Unit filename="src/Collection.c">
			<Option compilerVar="CC" />
		</Unit>
		<Unit filename="src/Common.c">
			<Option compilerVar="CC" />
		</Unit>
		<Unit filename="src/Iterable.c">
			<Option compilerVar="CC" />
		</Unit>
		<Unit filename="src/List.c">
			<Option compilerVar="CC" />
		</Unit>
		<Unit filename="src/SimpleList.c">
			<Option compilerVar="CC" />
		</Unit>
		<Unit filename="src/String.c">
			<Option compilerVar="CC" />
		</Unit>
		<Extensions>
			<code_completion />
			<envvars />
			<debugger />
			<lib_finder disable_auto="1" />
		</Extensions>
	</Project>
</CodeBlocks_project_file>
